<?xml version="1.0"?>
<!DOCTYPE Code::Blocks_project_file>
<Code::Blocks_project_file>
	<FileVersion major="1" minor="1"/>
	<Project>
		<Option title="MBSUtil"/>
		<Option makefile="Makefile"/>
		<Option makefile_is_custom="0"/>
		<Option default_target="-1"/>
		<Option compiler="0"/>
		<Build>
			<Target title="default">
				<Option output="..\MBSUtil.a"/>
				<Option working_dir=""/>
				<Option object_output="c:\temp"/>
				<Option deps_output=".deps"/>
				<Option external_deps=""/>
				<Option type="2"/>
				<Option compiler="0"/>
				<Option createDefFile="1"/>
				<Option projectResourceIncludeDirsRelation="2"/>
				<Compiler>
					<Add option="-Wall"/>
					<Add option="-g"/>
				</Compiler>
			</Target>
		</Build>
		<Compiler>
			<Add option="-g"/>
		</Compiler>
		<Unit filename="Bufer.cpp">
			<Option compilerVar="CPP"/>
			<Option target="default"/>
		</Unit>
		<Unit filename="Bufer.h">
			<Option compilerVar="CPP"/>
			<Option compile="0"/>
			<Option link="0"/>
			<Option target="default"/>
		</Unit>
		<Unit filename="Fila.h">
			<Option compilerVar="CPP"/>
			<Option compile="0"/>
			<Option link="0"/>
			<Option target="default"/>
		</Unit>
		<Unit filename="Hash.cpp">
			<Option compilerVar="CPP"/>
			<Option target="default"/>
		</Unit>
		<Unit filename="Hash.h">
			<Option compilerVar="CPP"/>
			<Option compile="0"/>
			<Option link="0"/>
			<Option target="default"/>
		</Unit>
		<Unit filename="Lista.h">
			<Option compilerVar="CPP"/>
			<Option compile="0"/>
			<Option link="0"/>
			<Option target="default"/>
		</Unit>
		<Unit filename="MBSUtil.h">
			<Option compilerVar="CPP"/>
			<Option compile="0"/>
			<Option link="0"/>
			<Option target="default"/>
		</Unit>
		<Unit filename="Parser.cpp">
			<Option compilerVar="CPP"/>
			<Option target="default"/>
		</Unit>
		<Unit filename="Parser.h">
			<Option compilerVar="CPP"/>
			<Option compile="0"/>
			<Option link="0"/>
			<Option target="default"/>
		</Unit>
		<Unit filename="Rede.cpp">
			<Option compilerVar="CPP"/>
			<Option target="default"/>
		</Unit>
		<Unit filename="Rede.h">
			<Option compilerVar="CPP"/>
			<Option compile="0"/>
			<Option link="0"/>
			<Option target="default"/>
		</Unit>
		<Unit filename="Tempo.cpp">
			<Option compilerVar="CPP"/>
			<Option target="default"/>
		</Unit>
		<Unit filename="Tempo.h">
			<Option compilerVar="CPP"/>
			<Option compile="0"/>
			<Option link="0"/>
			<Option target="default"/>
		</Unit>
		<Unit filename="Thread.cpp">
			<Option compilerVar="CPP"/>
			<Option target="default"/>
		</Unit>
		<Unit filename="Thread.h">
			<Option compilerVar="CPP"/>
			<Option compile="0"/>
			<Option link="0"/>
			<Option target="default"/>
		</Unit>
	</Project>
</Code::Blocks_project_file>
