<?xml version="1.0" encoding="UTF-8" standalone="yes" ?>
<CodeBlocks_project_file>
	<FileVersion major="1" minor="6" />
	<Project>
		<Option title="MBSArmyKnife" />
		<Option compiler="gcc" />
		<Build>
			<Target title="Release">
				<Option output="MBSArmyKnife.exe" prefix_auto="0" extension_auto="0" />
				<Option object_output="c:\temp" />
				<Option type="0" />
				<Option compiler="gcc" />
				<Option projectResourceIncludeDirsRelation="0" />
				<Compiler>
					<Add option="-O3" />
				</Compiler>
				<Linker>
					<Add option="-s" />
				</Linker>
			</Target>
			<Target title="Debug">
				<Option output="MBSArmyKnife.exe" prefix_auto="0" extension_auto="0" />
				<Option object_output="c:\temp" />
				<Option type="0" />
				<Option compiler="gcc" />
				<Option projectResourceIncludeDirsRelation="0" />
				<Compiler>
					<Add option="-Wall" />
					<Add option="-g" />
					<Add option="-DDEBUG" />
				</Compiler>
			</Target>
			<Environment>
				<Variable name="WX_CFG" value="" />
			</Environment>
		</Build>
		<Compiler>
			<Add option="-pipe" />
			<Add option="-mthreads" />
			<Add option="-fmessage-length=0" />
			<Add option="-fexceptions" />
			<Add option="-D__GNUWIN32__" />
			<Add option="-D__WXMSW__" />
			<Add option="-DHAVE_W32API_H" />
			<Add directory="$(#WX26.include)" />
			<Add directory="$(#WX26.lib)\gcc_lib\msw" />
			<Add directory="$(#WX26.lib)\gcc_lib$(WX_CFG)\msw" />
			<Add directory="$(#WX26)\contrib\include" />
			<Add directory="$(#mbsutil.include)" />
		</Compiler>
		<ResourceCompiler>
			<Add directory="$(#WX26.include)" />
		</ResourceCompiler>
		<Linker>
			<Add library="wxmsw26" />
			<Add library="mbsutil" />
			<Add library="ole32" />
			<Add library="comctl32" />
			<Add library="shell32" />
			<Add library="ctl3d32" />
			<Add library="oleaut32" />
			<Add library="winmm" />
			<Add library="advapi32" />
			<Add library="uuid" />
			<Add directory="$(#WX26.lib)\gcc_lib" />
			<Add directory="$(#WX26.lib)\gcc_lib\msw" />
			<Add directory="$(#WX26.lib)\gcc_lib$(WX_CFG)" />
			<Add directory="$(#mbsutil.lib)" />
		</Linker>
		<Unit filename="app.cpp" />
		<Unit filename="app.h" />
		<Unit filename="mainframe.cpp" />
		<Unit filename="mainframe.h" />
		<Unit filename="wxsmith\MainFrame.wxs" />
		<Extensions>
			<code_completion />
			<wxsmith version="1">
				<gui name="wxWidgets" src="app.cpp" main="MainFrame" init_handlers="necessary" language="CPP" />
				<resources>
					<wxFrame wxs="wxsmith/MainFrame.wxs" src="mainframe.cpp" hdr="mainframe.h" name="MainFrame" language="CPP" />
				</resources>
			</wxsmith>
			<envvars />
			<debugger />
		</Extensions>
	</Project>
</CodeBlocks_project_file>
