<?xml version="1.0" encoding="UTF-8" standalone="yes" ?>
<CodeBlocks_project_file>
	<FileVersion major="1" minor="4" />
	<Project>
		<Option title="teste" />
		<Option pch_mode="0" />
		<Option compiler="gcc" />
		<Build>
			<Target title="default">
				<Option output="teste.exe" />
				<Option object_output="C:\TEMP" />
				<Option type="1" />
				<Option compiler="gcc" />
				<Option includeInTargetAll="1" />
				<Option projectResourceIncludeDirsRelation="1" />
				<Compiler>
					<Add option="-g" />
				</Compiler>
			</Target>
		</Build>
		<Compiler>
			<Add directory="$(#mbsutil.include)" />
		</Compiler>
		<Linker>
			<Add library="libMBSUtil.a" />
			<Add library="libws2_32.a" />
			<Add directory="$(#mbsutil.lib)" />
		</Linker>
		<Unit filename="main.cpp">
			<Option compilerVar="CPP" />
			<Option target="default" />
		</Unit>
	</Project>
</CodeBlocks_project_file>